
Microsoft Visual Studio Solution File, Format Version 12.00
# Visual Studio Version 16
VisualStudioVersion = 16.0.30002.166
MinimumVisualStudioVersion = 10.0.40219.1
Project("{9A19103F-16F7-4668-BE54-9A1E7A4F7556}") = "MeetUp", "MeetUp.csproj", "{DA9C4448-D18D-4914-AE4F-2ECE2ABAE026}"
EndProject
Project("{9A19103F-16F7-4668-BE54-9A1E7A4F7556}") = "MeetupBackend", "..\..\MeetupwithBackend\MeetupBackend\MeetupBackend.csproj", "{6FADCE41-74CD-4EFD-A33F-FC8FD64B7C2F}"
EndProject
Global
	GlobalSection(SolutionConfigurationPlatforms) = preSolution
		Debug|Any CPU = Debug|Any CPU
		Release|Any CPU = Release|Any CPU
	EndGlobalSection
	GlobalSection(ProjectConfigurationPlatforms) = postSolution
		{DA9C4448-D18D-4914-AE4F-2ECE2ABAE026}.Debug|Any CPU.ActiveCfg = Debug|Any CPU
		{DA9C4448-D18D-4914-AE4F-2ECE2ABAE026}.Debug|Any CPU.Build.0 = Debug|Any CPU
		{DA9C4448-D18D-4914-AE4F-2ECE2ABAE026}.Release|Any CPU.ActiveCfg = Release|Any CPU
		{DA9C4448-D18D-4914-AE4F-2ECE2ABAE026}.Release|Any CPU.Build.0 = Release|Any CPU
		{6FADCE41-74CD-4EFD-A33F-FC8FD64B7C2F}.Debug|Any CPU.ActiveCfg = Debug|Any CPU
		{6FADCE41-74CD-4EFD-A33F-FC8FD64B7C2F}.Debug|Any CPU.Build.0 = Debug|Any CPU
		{6FADCE41-74CD-4EFD-A33F-FC8FD64B7C2F}.Release|Any CPU.ActiveCfg = Release|Any CPU
		{6FADCE41-74CD-4EFD-A33F-FC8FD64B7C2F}.Release|Any CPU.Build.0 = Release|Any CPU
	EndGlobalSection
	GlobalSection(SolutionProperties) = preSolution
		HideSolutionNode = FALSE
	EndGlobalSection
	GlobalSection(ExtensibilityGlobals) = postSolution
		SolutionGuid = {2C864627-A4FA-4A70-9B82-FA461432721C}
	EndGlobalSection
EndGlobal
